
Microsoft Visual Studio Solution File, Format Version 12.00
# Visual Studio Version 17
VisualStudioVersion = 17.5.2.0
MinimumVisualStudioVersion = 10.0.40219.1
Project("{2150E333-8FDC-42A3-9474-1A3956D46DE8}") = "backend", "backend", "{1AE8ACA6-933B-BF2A-3671-3E2EAC007D16}"
EndProject
Project("{FAE04EC0-301F-11D3-BF4B-00C04F79EFBC}") = "ToDoList.Api", "backend\ToDoList.Api\ToDoList.Api.csproj", "{AC8EE14B-C436-E3B2-EA74-A96200FAA0F1}"
EndProject
Project("{FAE04EC0-301F-11D3-BF4B-00C04F79EFBC}") = "ToDoList.Api.Tests", "backend\ToDoList.Api.Tests\ToDoList.Api.Tests.csproj", "{728396CC-8DF3-4F93-B023-2C05AEC30A6E}"
EndProject
Global
	GlobalSection(SolutionConfigurationPlatforms) = preSolution
		Debug|Any CPU = Debug|Any CPU
		Debug|x64 = Debug|x64
		Debug|x86 = Debug|x86
		Release|Any CPU = Release|Any CPU
		Release|x64 = Release|x64
		Release|x86 = Release|x86
	EndGlobalSection
	GlobalSection(ProjectConfigurationPlatforms) = postSolution
		{AC8EE14B-C436-E3B2-EA74-A96200FAA0F1}.Debug|Any CPU.ActiveCfg = Debug|Any CPU
		{AC8EE14B-C436-E3B2-EA74-A96200FAA0F1}.Debug|Any CPU.Build.0 = Debug|Any CPU
		{AC8EE14B-C436-E3B2-EA74-A96200FAA0F1}.Debug|x64.ActiveCfg = Debug|Any CPU
		{AC8EE14B-C436-E3B2-EA74-A96200FAA0F1}.Debug|x64.Build.0 = Debug|Any CPU
		{AC8EE14B-C436-E3B2-EA74-A96200FAA0F1}.Debug|x86.ActiveCfg = Debug|Any CPU
		{AC8EE14B-C436-E3B2-EA74-A96200FAA0F1}.Debug|x86.Build.0 = Debug|Any CPU
		{AC8EE14B-C436-E3B2-EA74-A96200FAA0F1}.Release|Any CPU.ActiveCfg = Release|Any CPU
		{AC8EE14B-C436-E3B2-EA74-A96200FAA0F1}.Release|Any CPU.Build.0 = Release|Any CPU
		{AC8EE14B-C436-E3B2-EA74-A96200FAA0F1}.Release|x64.ActiveCfg = Release|Any CPU
		{AC8EE14B-C436-E3B2-EA74-A96200FAA0F1}.Release|x64.Build.0 = Release|Any CPU
		{AC8EE14B-C436-E3B2-EA74-A96200FAA0F1}.Release|x86.ActiveCfg = Release|Any CPU
		{AC8EE14B-C436-E3B2-EA74-A96200FAA0F1}.Release|x86.Build.0 = Release|Any CPU
		{728396CC-8DF3-4F93-B023-2C05AEC30A6E}.Debug|Any CPU.ActiveCfg = Debug|Any CPU
		{728396CC-8DF3-4F93-B023-2C05AEC30A6E}.Debug|Any CPU.Build.0 = Debug|Any CPU
		{728396CC-8DF3-4F93-B023-2C05AEC30A6E}.Debug|x64.ActiveCfg = Debug|Any CPU
		{728396CC-8DF3-4F93-B023-2C05AEC30A6E}.Debug|x64.Build.0 = Debug|Any CPU
		{728396CC-8DF3-4F93-B023-2C05AEC30A6E}.Debug|x86.ActiveCfg = Debug|Any CPU
		{728396CC-8DF3-4F93-B023-2C05AEC30A6E}.Debug|x86.Build.0 = Debug|Any CPU
		{728396CC-8DF3-4F93-B023-2C05AEC30A6E}.Release|Any CPU.ActiveCfg = Release|Any CPU
		{728396CC-8DF3-4F93-B023-2C05AEC30A6E}.Release|Any CPU.Build.0 = Release|Any CPU
		{728396CC-8DF3-4F93-B023-2C05AEC30A6E}.Release|x64.ActiveCfg = Release|Any CPU
		{728396CC-8DF3-4F93-B023-2C05AEC30A6E}.Release|x64.Build.0 = Release|Any CPU
		{728396CC-8DF3-4F93-B023-2C05AEC30A6E}.Release|x86.ActiveCfg = Release|Any CPU
		{728396CC-8DF3-4F93-B023-2C05AEC30A6E}.Release|x86.Build.0 = Release|Any CPU
	EndGlobalSection
	GlobalSection(SolutionProperties) = preSolution
		HideSolutionNode = FALSE
	EndGlobalSection
	GlobalSection(NestedProjects) = preSolution
		{AC8EE14B-C436-E3B2-EA74-A96200FAA0F1} = {1AE8ACA6-933B-BF2A-3671-3E2EAC007D16}
		{728396CC-8DF3-4F93-B023-2C05AEC30A6E} = {1AE8ACA6-933B-BF2A-3671-3E2EAC007D16}
	EndGlobalSection
	GlobalSection(ExtensibilityGlobals) = postSolution
		SolutionGuid = {354FB2FD-08A4-4CF2-AAA6-29C1E4105138}
	EndGlobalSection
EndGlobal
